// !$*UTF8*$!
{
	archiveVersion = 1;
	classes = {
	};
	objectVersion = 56;
	objects = {

/* Begin PBXBuildFile section */
		AA4E37D929C75FD0004B150F /* LandmarksApp.swift in Sources */ = {isa = PBXBuildFile; fileRef = AA4E37D829C75FD0004B150F /* LandmarksApp.swift */; };
		AA4E37DB29C75FD0004B150F /* ContentView.swift in Sources */ = {isa = PBXBuildFile; fileRef = AA4E37DA29C75FD0004B150F /* ContentView.swift */; };
		AA4E37DD29C75FD2004B150F /* Assets.xcassets in Resources */ = {isa = PBXBuildFile; fileRef = AA4E37DC29C75FD2004B150F /* Assets.xcassets */; };
		AA4E37E029C75FD2004B150F /* Preview Assets.xcassets in Resources */ = {isa = PBXBuildFile; fileRef = AA4E37DF29C75FD2004B150F /* Preview Assets.xcassets */; };
		AA4E37E729C80102004B150F /* CircleImage.swift in Sources */ = {isa = PBXBuildFile; fileRef = AA4E37E629C80102004B150F /* CircleImage.swift */; };
		AA4E37E929C8028F004B150F /* MapView.swift in Sources */ = {isa = PBXBuildFile; fileRef = AA4E37E829C8028F004B150F /* MapView.swift */; };
		AA4E37EC29C81107004B150F /* ModelData.swift in Sources */ = {isa = PBXBuildFile; fileRef = AA4E37EB29C81107004B150F /* ModelData.swift */; };
		AA4E37EE29C81121004B150F /* Landmark.swift in Sources */ = {isa = PBXBuildFile; fileRef = AA4E37ED29C81121004B150F /* Landmark.swift */; };
		AA4E37F129C81242004B150F /* landmarkData.json in Resources */ = {isa = PBXBuildFile; fileRef = AA4E37F029C81242004B150F /* landmarkData.json */; };
		AA4E37F629C822CC004B150F /* LandmarkRow.swift in Sources */ = {isa = PBXBuildFile; fileRef = AA4E37F529C822CC004B150F /* LandmarkRow.swift */; };
		AAA3056529CB0F780055A6EE /* FavoriteButton.swift in Sources */ = {isa = PBXBuildFile; fileRef = AAA3056429CB0F780055A6EE /* FavoriteButton.swift */; };
		AAA3056929CB27060055A6EE /* HexagonParameters.swift in Sources */ = {isa = PBXBuildFile; fileRef = AAA3056829CB27060055A6EE /* HexagonParameters.swift */; };
		AAA3056B29CB291D0055A6EE /* BadgeBackground.swift in Sources */ = {isa = PBXBuildFile; fileRef = AAA3056A29CB291D0055A6EE /* BadgeBackground.swift */; };
		AAA3056D29CC70190055A6EE /* BadgeSymbol.swift in Sources */ = {isa = PBXBuildFile; fileRef = AAA3056C29CC70190055A6EE /* BadgeSymbol.swift */; };
		AAA3056F29CC73000055A6EE /* RotatedBadgeSymbol.swift in Sources */ = {isa = PBXBuildFile; fileRef = AAA3056E29CC73000055A6EE /* RotatedBadgeSymbol.swift */; };
		AAA3057129CC73AC0055A6EE /* Badge.swift in Sources */ = {isa = PBXBuildFile; fileRef = AAA3057029CC73AC0055A6EE /* Badge.swift */; };
		AAA3057429CC789C0055A6EE /* hikeData.json in Resources */ = {isa = PBXBuildFile; fileRef = AAA3057329CC789C0055A6EE /* hikeData.json */; };
		AAA3057629CC796B0055A6EE /* Hike.swift in Sources */ = {isa = PBXBuildFile; fileRef = AAA3057529CC796B0055A6EE /* Hike.swift */; };
		AAA3057C29CC7C6B0055A6EE /* GraphCapsule.swift in Sources */ = {isa = PBXBuildFile; fileRef = AAA3057829CC7C6B0055A6EE /* GraphCapsule.swift */; };
		AAA3057D29CC7C6B0055A6EE /* HikeGraph.swift in Sources */ = {isa = PBXBuildFile; fileRef = AAA3057929CC7C6B0055A6EE /* HikeGraph.swift */; };
		AAA3057E29CC7C6B0055A6EE /* HikeDetail.swift in Sources */ = {isa = PBXBuildFile; fileRef = AAA3057A29CC7C6B0055A6EE /* HikeDetail.swift */; };
		AAA3057F29CC7C6B0055A6EE /* HikeView.swift in Sources */ = {isa = PBXBuildFile; fileRef = AAA3057B29CC7C6B0055A6EE /* HikeView.swift */; };
		AACC6DD829C8A26E00BAC4AC /* LandmarkList.swift in Sources */ = {isa = PBXBuildFile; fileRef = AACC6DD729C8A26E00BAC4AC /* LandmarkList.swift */; };
		AACC6DDA29C9712200BAC4AC /* LandmarkDetail.swift in Sources */ = {isa = PBXBuildFile; fileRef = AACC6DD929C9712200BAC4AC /* LandmarkDetail.swift */; };
/* End PBXBuildFile section */

/* Begin PBXFileReference section */
		AA4E37D529C75FD0004B150F /* Landmarks.app */ = {isa = PBXFileReference; explicitFileType = wrapper.application; includeInIndex = 0; path = Landmarks.app; sourceTree = BUILT_PRODUCTS_DIR; };
		AA4E37D829C75FD0004B150F /* LandmarksApp.swift */ = {isa = PBXFileReference; lastKnownFileType = sourcecode.swift; path = LandmarksApp.swift; sourceTree = "<group>"; };
		AA4E37DA29C75FD0004B150F /* ContentView.swift */ = {isa = PBXFileReference; lastKnownFileType = sourcecode.swift; path = ContentView.swift; sourceTree = "<group>"; };
		AA4E37DC29C75FD2004B150F /* Assets.xcassets */ = {isa = PBXFileReference; lastKnownFileType = folder.assetcatalog; path = Assets.xcassets; sourceTree = "<group>"; };
		AA4E37DF29C75FD2004B150F /* Preview Assets.xcassets */ = {isa = PBXFileReference; lastKnownFileType = folder.assetcatalog; path = "Preview Assets.xcassets"; sourceTree = "<group>"; };
		AA4E37E629C80102004B150F /* CircleImage.swift */ = {isa = PBXFileReference; lastKnownFileType = sourcecode.swift; path = CircleImage.swift; sourceTree = "<group>"; };
		AA4E37E829C8028F004B150F /* MapView.swift */ = {isa = PBXFileReference; lastKnownFileType = sourcecode.swift; path = MapView.swift; sourceTree = "<group>"; };
		AA4E37EB29C81107004B150F /* ModelData.swift */ = {isa = PBXFileReference; lastKnownFileType = sourcecode.swift; path = ModelData.swift; sourceTree = "<group>"; };
		AA4E37ED29C81121004B150F /* Landmark.swift */ = {isa = PBXFileReference; lastKnownFileType = sourcecode.swift; path = Landmark.swift; sourceTree = "<group>"; };
		AA4E37F029C81242004B150F /* landmarkData.json */ = {isa = PBXFileReference; fileEncoding = 4; lastKnownFileType = text.json; path = landmarkData.json; sourceTree = "<group>"; };
		AA4E37F529C822CC004B150F /* LandmarkRow.swift */ = {isa = PBXFileReference; lastKnownFileType = sourcecode.swift; path = LandmarkRow.swift; sourceTree = "<group>"; };
		AAA3056429CB0F780055A6EE /* FavoriteButton.swift */ = {isa = PBXFileReference; lastKnownFileType = sourcecode.swift; path = FavoriteButton.swift; sourceTree = "<group>"; };
		AAA3056829CB27060055A6EE /* HexagonParameters.swift */ = {isa = PBXFileReference; lastKnownFileType = sourcecode.swift; path = HexagonParameters.swift; sourceTree = "<group>"; };
		AAA3056A29CB291D0055A6EE /* BadgeBackground.swift */ = {isa = PBXFileReference; lastKnownFileType = sourcecode.swift; path = BadgeBackground.swift; sourceTree = "<group>"; };
		AAA3056C29CC70190055A6EE /* BadgeSymbol.swift */ = {isa = PBXFileReference; lastKnownFileType = sourcecode.swift; path = BadgeSymbol.swift; sourceTree = "<group>"; };
		AAA3056E29CC73000055A6EE /* RotatedBadgeSymbol.swift */ = {isa = PBXFileReference; lastKnownFileType = sourcecode.swift; path = RotatedBadgeSymbol.swift; sourceTree = "<group>"; };
		AAA3057029CC73AC0055A6EE /* Badge.swift */ = {isa = PBXFileReference; lastKnownFileType = sourcecode.swift; path = Badge.swift; sourceTree = "<group>"; };
		AAA3057329CC789C0055A6EE /* hikeData.json */ = {isa = PBXFileReference; fileEncoding = 4; lastKnownFileType = text.json; path = hikeData.json; sourceTree = "<group>"; };
		AAA3057529CC796B0055A6EE /* Hike.swift */ = {isa = PBXFileReference; lastKnownFileType = sourcecode.swift; path = Hike.swift; sourceTree = "<group>"; };
		AAA3057829CC7C6B0055A6EE /* GraphCapsule.swift */ = {isa = PBXFileReference; fileEncoding = 4; lastKnownFileType = sourcecode.swift; path = GraphCapsule.swift; sourceTree = "<group>"; };
		AAA3057929CC7C6B0055A6EE /* HikeGraph.swift */ = {isa = PBXFileReference; fileEncoding = 4; lastKnownFileType = sourcecode.swift; path = HikeGraph.swift; sourceTree = "<group>"; };
		AAA3057A29CC7C6B0055A6EE /* HikeDetail.swift */ = {isa = PBXFileReference; fileEncoding = 4; lastKnownFileType = sourcecode.swift; path = HikeDetail.swift; sourceTree = "<group>"; };
		AAA3057B29CC7C6B0055A6EE /* HikeView.swift */ = {isa = PBXFileReference; fileEncoding = 4; lastKnownFileType = sourcecode.swift; path = HikeView.swift; sourceTree = "<group>"; };
		AACC6DD729C8A26E00BAC4AC /* LandmarkList.swift */ = {isa = PBXFileReference; lastKnownFileType = sourcecode.swift; path = LandmarkList.swift; sourceTree = "<group>"; };
		AACC6DD929C9712200BAC4AC /* LandmarkDetail.swift */ = {isa = PBXFileReference; lastKnownFileType = sourcecode.swift; path = LandmarkDetail.swift; sourceTree = "<group>"; };
/* End PBXFileReference section */

/* Begin PBXFrameworksBuildPhase section */
		AA4E37D229C75FD0004B150F /* Frameworks */ = {
			isa = PBXFrameworksBuildPhase;
			buildActionMask = 2147483647;
			files = (
			);
			runOnlyForDeploymentPostprocessing = 0;
		};
/* End PBXFrameworksBuildPhase section */

/* Begin PBXGroup section */
		AA4E37CC29C75FD0004B150F = {
			isa = PBXGroup;
			children = (
				AA4E37D729C75FD0004B150F /* Landmarks */,
				AA4E37D629C75FD0004B150F /* Products */,
			);
			sourceTree = "<group>";
		};
		AA4E37D629C75FD0004B150F /* Products */ = {
			isa = PBXGroup;
			children = (
				AA4E37D529C75FD0004B150F /* Landmarks.app */,
			);
			name = Products;
			sourceTree = "<group>";
		};
		AA4E37D729C75FD0004B150F /* Landmarks */ = {
			isa = PBXGroup;
			children = (
				AA4E37F229C81261004B150F /* Resources */,
				AA4E37D829C75FD0004B150F /* LandmarksApp.swift */,
				AA4E37EA29C810D9004B150F /* Views */,
				AA4E37DC29C75FD2004B150F /* Assets.xcassets */,
				AA4E37DE29C75FD2004B150F /* Preview Content */,
				AA4E37EF29C8113C004B150F /* Models */,
			);
			path = Landmarks;
			sourceTree = "<group>";
		};
		AA4E37DE29C75FD2004B150F /* Preview Content */ = {
			isa = PBXGroup;
			children = (
				AA4E37DF29C75FD2004B150F /* Preview Assets.xcassets */,
			);
			path = "Preview Content";
			sourceTree = "<group>";
		};
		AA4E37EA29C810D9004B150F /* Views */ = {
			isa = PBXGroup;
			children = (
				AAA3057729CC7C6B0055A6EE /* Hikes */,
				AAA3056729CB12610055A6EE /* Helpers */,
				AAA3056629CB124D0055A6EE /* Landmarks */,
				AAA3057229CC76A10055A6EE /* Badges */,
			);
			path = Views;
			sourceTree = "<group>";
		};
		AA4E37EF29C8113C004B150F /* Models */ = {
			isa = PBXGroup;
			children = (
				AA4E37EB29C81107004B150F /* ModelData.swift */,
				AA4E37ED29C81121004B150F /* Landmark.swift */,
				AAA3057529CC796B0055A6EE /* Hike.swift */,
			);
			path = Models;
			sourceTree = "<group>";
		};
		AA4E37F229C81261004B150F /* Resources */ = {
			isa = PBXGroup;
			children = (
				AAA3057329CC789C0055A6EE /* hikeData.json */,
				AA4E37F029C81242004B150F /* landmarkData.json */,
			);
			path = Resources;
			sourceTree = "<group>";
		};
		AAA3056629CB124D0055A6EE /* Landmarks */ = {
			isa = PBXGroup;
			children = (
				AAA3056429CB0F780055A6EE /* FavoriteButton.swift */,
				AA4E37F529C822CC004B150F /* LandmarkRow.swift */,
				AACC6DD729C8A26E00BAC4AC /* LandmarkList.swift */,
				AACC6DD929C9712200BAC4AC /* LandmarkDetail.swift */,
			);
			path = Landmarks;
			sourceTree = "<group>";
		};
		AAA3056729CB12610055A6EE /* Helpers */ = {
			isa = PBXGroup;
			children = (
				AA4E37DA29C75FD0004B150F /* ContentView.swift */,
				AA4E37E629C80102004B150F /* CircleImage.swift */,
				AA4E37E829C8028F004B150F /* MapView.swift */,
			);
			path = Helpers;
			sourceTree = "<group>";
		};
		AAA3057229CC76A10055A6EE /* Badges */ = {
			isa = PBXGroup;
			children = (
				AAA3056829CB27060055A6EE /* HexagonParameters.swift */,
				AAA3056A29CB291D0055A6EE /* BadgeBackground.swift */,
				AAA3056C29CC70190055A6EE /* BadgeSymbol.swift */,
				AAA3056E29CC73000055A6EE /* RotatedBadgeSymbol.swift */,
				AAA3057029CC73AC0055A6EE /* Badge.swift */,
			);
			path = Badges;
			sourceTree = "<group>";
		};
		AAA3057729CC7C6B0055A6EE /* Hikes */ = {
			isa = PBXGroup;
			children = (
				AAA3057829CC7C6B0055A6EE /* GraphCapsule.swift */,
				AAA3057929CC7C6B0055A6EE /* HikeGraph.swift */,
				AAA3057A29CC7C6B0055A6EE /* HikeDetail.swift */,
				AAA3057B29CC7C6B0055A6EE /* HikeView.swift */,
			);
			path = Hikes;
			sourceTree = "<group>";
		};
/* End PBXGroup section */

/* Begin PBXNativeTarget section */
		AA4E37D429C75FD0004B150F /* Landmarks */ = {
			isa = PBXNativeTarget;
			buildConfigurationList = AA4E37E329C75FD2004B150F /* Build configuration list for PBXNativeTarget "Landmarks" */;
			buildPhases = (
				AA4E37D129C75FD0004B150F /* Sources */,
				AA4E37D229C75FD0004B150F /* Frameworks */,
				AA4E37D329C75FD0004B150F /* Resources */,
			);
			buildRules = (
			);
			dependencies = (
			);
			name = Landmarks;
			productName = Landmarks;
			productReference = AA4E37D529C75FD0004B150F /* Landmarks.app */;
			productType = "com.apple.product-type.application";
		};
/* End PBXNativeTarget section */

/* Begin PBXProject section */
		AA4E37CD29C75FD0004B150F /* Project object */ = {
			isa = PBXProject;
			attributes = {
				BuildIndependentTargetsInParallel = 1;
				LastSwiftUpdateCheck = 1420;
				LastUpgradeCheck = 1420;
				TargetAttributes = {
					AA4E37D429C75FD0004B150F = {
						CreatedOnToolsVersion = 14.2;
					};
				};
			};
			buildConfigurationList = AA4E37D029C75FD0004B150F /* Build configuration list for PBXProject "Landmarks" */;
			compatibilityVersion = "Xcode 14.0";
			developmentRegion = en;
			hasScannedForEncodings = 0;
			knownRegions = (
				en,
				Base,
			);
			mainGroup = AA4E37CC29C75FD0004B150F;
			productRefGroup = AA4E37D629C75FD0004B150F /* Products */;
			projectDirPath = "";
			projectRoot = "";
			targets = (
				AA4E37D429C75FD0004B150F /* Landmarks */,
			);
		};
/* End PBXProject section */

/* Begin PBXResourcesBuildPhase section */
		AA4E37D329C75FD0004B150F /* Resources */ = {
			isa = PBXResourcesBuildPhase;
			buildActionMask = 2147483647;
			files = (
				AAA3057429CC789C0055A6EE /* hikeData.json in Resources */,
				AA4E37E029C75FD2004B150F /* Preview Assets.xcassets in Resources */,
				AA4E37DD29C75FD2004B150F /* Assets.xcassets in Resources */,
				AA4E37F129C81242004B150F /* landmarkData.json in Resources */,
			);
			runOnlyForDeploymentPostprocessing = 0;
		};
/* End PBXResourcesBuildPhase section */

/* Begin PBXSourcesBuildPhase section */
		AA4E37D129C75FD0004B150F /* Sources */ = {
			isa = PBXSourcesBuildPhase;
			buildActionMask = 2147483647;
			files = (
				AA4E37DB29C75FD0004B150F /* ContentView.swift in Sources */,
				AAA3057D29CC7C6B0055A6EE /* HikeGraph.swift in Sources */,
				AAA3057129CC73AC0055A6EE /* Badge.swift in Sources */,
				AA4E37E929C8028F004B150F /* MapView.swift in Sources */,
				AAA3057C29CC7C6B0055A6EE /* GraphCapsule.swift in Sources */,
				AA4E37EC29C81107004B150F /* ModelData.swift in Sources */,
				AAA3056529CB0F780055A6EE /* FavoriteButton.swift in Sources */,
				AAA3057E29CC7C6B0055A6EE /* HikeDetail.swift in Sources */,
				AAA3056929CB27060055A6EE /* HexagonParameters.swift in Sources */,
				AAA3057629CC796B0055A6EE /* Hike.swift in Sources */,
				AAA3056F29CC73000055A6EE /* RotatedBadgeSymbol.swift in Sources */,
				AAA3056D29CC70190055A6EE /* BadgeSymbol.swift in Sources */,
				AACC6DD829C8A26E00BAC4AC /* LandmarkList.swift in Sources */,
				AAA3057F29CC7C6B0055A6EE /* HikeView.swift in Sources */,
				AACC6DDA29C9712200BAC4AC /* LandmarkDetail.swift in Sources */,
				AAA3056B29CB291D0055A6EE /* BadgeBackground.swift in Sources */,
				AA4E37D929C75FD0004B150F /* LandmarksApp.swift in Sources */,
				AA4E37E729C80102004B150F /* CircleImage.swift in Sources */,
				AA4E37F629C822CC004B150F /* LandmarkRow.swift in Sources */,
				AA4E37EE29C81121004B150F /* Landmark.swift in Sources */,
			);
			runOnlyForDeploymentPostprocessing = 0;
		};
/* End PBXSourcesBuildPhase section */

/* Begin XCBuildConfiguration section */
		AA4E37E129C75FD2004B150F /* Debug */ = {
			isa = XCBuildConfiguration;
			buildSettings = {
				ALWAYS_SEARCH_USER_PATHS = NO;
				CLANG_ANALYZER_NONNULL = YES;
				CLANG_ANALYZER_NUMBER_OBJECT_CONVERSION = YES_AGGRESSIVE;
				CLANG_CXX_LANGUAGE_STANDARD = "gnu++20";
				CLANG_ENABLE_MODULES = YES;
				CLANG_ENABLE_OBJC_ARC = YES;
				CLANG_ENABLE_OBJC_WEAK = YES;
				CLANG_WARN_BLOCK_CAPTURE_AUTORELEASING = YES;
				CLANG_WARN_BOOL_CONVERSION = YES;
				CLANG_WARN_COMMA = YES;
				CLANG_WARN_CONSTANT_CONVERSION = YES;
				CLANG_WARN_DEPRECATED_OBJC_IMPLEMENTATIONS = YES;
				CLANG_WARN_DIRECT_OBJC_ISA_USAGE = YES_ERROR;
				CLANG_WARN_DOCUMENTATION_COMMENTS = YES;
				CLANG_WARN_EMPTY_BODY = YES;
				CLANG_WARN_ENUM_CONVERSION = YES;
				CLANG_WARN_INFINITE_RECURSION = YES;
				CLANG_WARN_INT_CONVERSION = YES;
				CLANG_WARN_NON_LITERAL_NULL_CONVERSION = YES;
				CLANG_WARN_OBJC_IMPLICIT_RETAIN_SELF = YES;
				CLANG_WARN_OBJC_LITERAL_CONVERSION = YES;
				CLANG_WARN_OBJC_ROOT_CLASS = YES_ERROR;
				CLANG_WARN_QUOTED_INCLUDE_IN_FRAMEWORK_HEADER = YES;
				CLANG_WARN_RANGE_LOOP_ANALYSIS = YES;
				CLANG_WARN_STRICT_PROTOTYPES = YES;
				CLANG_WARN_SUSPICIOUS_MOVE = YES;
				CLANG_WARN_UNGUARDED_AVAILABILITY = YES_AGGRESSIVE;
				CLANG_WARN_UNREACHABLE_CODE = YES;
				CLANG_WARN__DUPLICATE_METHOD_MATCH = YES;
				COPY_PHASE_STRIP = NO;
				DEBUG_INFORMATION_FORMAT = dwarf;
				ENABLE_STRICT_OBJC_MSGSEND = YES;
				ENABLE_TESTABILITY = YES;
				GCC_C_LANGUAGE_STANDARD = gnu11;
				GCC_DYNAMIC_NO_PIC = NO;
				GCC_NO_COMMON_BLOCKS = YES;
				GCC_OPTIMIZATION_LEVEL = 0;
				GCC_PREPROCESSOR_DEFINITIONS = (
					"DEBUG=1",
					"$(inherited)",
				);
				GCC_WARN_64_TO_32_BIT_CONVERSION = YES;
				GCC_WARN_ABOUT_RETURN_TYPE = YES_ERROR;
				GCC_WARN_UNDECLARED_SELECTOR = YES;
				GCC_WARN_UNINITIALIZED_AUTOS = YES_AGGRESSIVE;
				GCC_WARN_UNUSED_FUNCTION = YES;
				GCC_WARN_UNUSED_VARIABLE = YES;
				IPHONEOS_DEPLOYMENT_TARGET = 16.2;
				MTL_ENABLE_DEBUG_INFO = INCLUDE_SOURCE;
				MTL_FAST_MATH = YES;
				ONLY_ACTIVE_ARCH = YES;
				SDKROOT = iphoneos;
				SWIFT_ACTIVE_COMPILATION_CONDITIONS = DEBUG;
				SWIFT_OPTIMIZATION_LEVEL = "-Onone";
			};
			name = Debug;
		};
		AA4E37E229C75FD2004B150F /* Release */ = {
			isa = XCBuildConfiguration;
			buildSettings = {
				ALWAYS_SEARCH_USER_PATHS = NO;
				CLANG_ANALYZER_NONNULL = YES;
				CLANG_ANALYZER_NUMBER_OBJECT_CONVERSION = YES_AGGRESSIVE;
				CLANG_CXX_LANGUAGE_STANDARD = "gnu++20";
				CLANG_ENABLE_MODULES = YES;
				CLANG_ENABLE_OBJC_ARC = YES;
				CLANG_ENABLE_OBJC_WEAK = YES;
				CLANG_WARN_BLOCK_CAPTURE_AUTORELEASING = YES;
				CLANG_WARN_BOOL_CONVERSION = YES;
				CLANG_WARN_COMMA = YES;
				CLANG_WARN_CONSTANT_CONVERSION = YES;
				CLANG_WARN_DEPRECATED_OBJC_IMPLEMENTATIONS = YES;
				CLANG_WARN_DIRECT_OBJC_ISA_USAGE = YES_ERROR;
				CLANG_WARN_DOCUMENTATION_COMMENTS = YES;
				CLANG_WARN_EMPTY_BODY = YES;
				CLANG_WARN_ENUM_CONVERSION = YES;
				CLANG_WARN_INFINITE_RECURSION = YES;
				CLANG_WARN_INT_CONVERSION = YES;
				CLANG_WARN_NON_LITERAL_NULL_CONVERSION = YES;
				CLANG_WARN_OBJC_IMPLICIT_RETAIN_SELF = YES;
				CLANG_WARN_OBJC_LITERAL_CONVERSION = YES;
				CLANG_WARN_OBJC_ROOT_CLASS = YES_ERROR;
				CLANG_WARN_QUOTED_INCLUDE_IN_FRAMEWORK_HEADER = YES;
				CLANG_WARN_RANGE_LOOP_ANALYSIS = YES;
				CLANG_WARN_STRICT_PROTOTYPES = YES;
				CLANG_WARN_SUSPICIOUS_MOVE = YES;
				CLANG_WARN_UNGUARDED_AVAILABILITY = YES_AGGRESSIVE;
				CLANG_WARN_UNREACHABLE_CODE = YES;
				CLANG_WARN__DUPLICATE_METHOD_MATCH = YES;
				COPY_PHASE_STRIP = NO;
				DEBUG_INFORMATION_FORMAT = "dwarf-with-dsym";
				ENABLE_NS_ASSERTIONS = NO;
				ENABLE_STRICT_OBJC_MSGSEND = YES;
				GCC_C_LANGUAGE_STANDARD = gnu11;
				GCC_NO_COMMON_BLOCKS = YES;
				GCC_WARN_64_TO_32_BIT_CONVERSION = YES;
				GCC_WARN_ABOUT_RETURN_TYPE = YES_ERROR;
				GCC_WARN_UNDECLARED_SELECTOR = YES;
				GCC_WARN_UNINITIALIZED_AUTOS = YES_AGGRESSIVE;
				GCC_WARN_UNUSED_FUNCTION = YES;
				GCC_WARN_UNUSED_VARIABLE = YES;
				IPHONEOS_DEPLOYMENT_TARGET = 16.2;
				MTL_ENABLE_DEBUG_INFO = NO;
				MTL_FAST_MATH = YES;
				SDKROOT = iphoneos;
				SWIFT_COMPILATION_MODE = wholemodule;
				SWIFT_OPTIMIZATION_LEVEL = "-O";
				VALIDATE_PRODUCT = YES;
			};
			name = Release;
		};
		AA4E37E429C75FD2004B150F /* Debug */ = {
			isa = XCBuildConfiguration;
			buildSettings = {
				ASSETCATALOG_COMPILER_APPICON_NAME = AppIcon;
				ASSETCATALOG_COMPILER_GLOBAL_ACCENT_COLOR_NAME = AccentColor;
				CODE_SIGN_STYLE = Automatic;
				CURRENT_PROJECT_VERSION = 1;
				DEVELOPMENT_ASSET_PATHS = "\"Landmarks/Preview Content\"";
				ENABLE_PREVIEWS = YES;
				GENERATE_INFOPLIST_FILE = YES;
				INFOPLIST_KEY_UIApplicationSceneManifest_Generation = YES;
				INFOPLIST_KEY_UIApplicationSupportsIndirectInputEvents = YES;
				INFOPLIST_KEY_UILaunchScreen_Generation = YES;
				INFOPLIST_KEY_UISupportedInterfaceOrientations_iPad = "UIInterfaceOrientationPortrait UIInterfaceOrientationPortraitUpsideDown UIInterfaceOrientationLandscapeLeft UIInterfaceOrientationLandscapeRight";
				INFOPLIST_KEY_UISupportedInterfaceOrientations_iPhone = "UIInterfaceOrientationPortrait UIInterfaceOrientationLandscapeLeft UIInterfaceOrientationLandscapeRight";
				LD_RUNPATH_SEARCH_PATHS = (
					"$(inherited)",
					"@executable_path/Frameworks",
				);
				MARKETING_VERSION = 1.0;
				PRODUCT_BUNDLE_IDENTIFIER = com.umas.Landmarks;
				PRODUCT_NAME = "$(TARGET_NAME)";
				SWIFT_EMIT_LOC_STRINGS = YES;
				SWIFT_VERSION = 5.0;
				TARGETED_DEVICE_FAMILY = "1,2";
			};
			name = Debug;
		};
		AA4E37E529C75FD2004B150F /* Release */ = {
			isa = XCBuildConfiguration;
			buildSettings = {
				ASSETCATALOG_COMPILER_APPICON_NAME = AppIcon;
				ASSETCATALOG_COMPILER_GLOBAL_ACCENT_COLOR_NAME = AccentColor;
				CODE_SIGN_STYLE = Automatic;
				CURRENT_PROJECT_VERSION = 1;
				DEVELOPMENT_ASSET_PATHS = "\"Landmarks/Preview Content\"";
				ENABLE_PREVIEWS = YES;
				GENERATE_INFOPLIST_FILE = YES;
				INFOPLIST_KEY_UIApplicationSceneManifest_Generation = YES;
				INFOPLIST_KEY_UIApplicationSupportsIndirectInputEvents = YES;
				INFOPLIST_KEY_UILaunchScreen_Generation = YES;
				INFOPLIST_KEY_UISupportedInterfaceOrientations_iPad = "UIInterfaceOrientationPortrait UIInterfaceOrientationPortraitUpsideDown UIInterfaceOrientationLandscapeLeft UIInterfaceOrientationLandscapeRight";
				INFOPLIST_KEY_UISupportedInterfaceOrientations_iPhone = "UIInterfaceOrientationPortrait UIInterfaceOrientationLandscapeLeft UIInterfaceOrientationLandscapeRight";
				LD_RUNPATH_SEARCH_PATHS = (
					"$(inherited)",
					"@executable_path/Frameworks",
				);
				MARKETING_VERSION = 1.0;
				PRODUCT_BUNDLE_IDENTIFIER = com.umas.Landmarks;
				PRODUCT_NAME = "$(TARGET_NAME)";
				SWIFT_EMIT_LOC_STRINGS = YES;
				SWIFT_VERSION = 5.0;
				TARGETED_DEVICE_FAMILY = "1,2";
			};
			name = Release;
		};
/* End XCBuildConfiguration section */

/* Begin XCConfigurationList section */
		AA4E37D029C75FD0004B150F /* Build configuration list for PBXProject "Landmarks" */ = {
			isa = XCConfigurationList;
			buildConfigurations = (
				AA4E37E129C75FD2004B150F /* Debug */,
				AA4E37E229C75FD2004B150F /* Release */,
			);
			defaultConfigurationIsVisible = 0;
			defaultConfigurationName = Release;
		};
		AA4E37E329C75FD2004B150F /* Build configuration list for PBXNativeTarget "Landmarks" */ = {
			isa = XCConfigurationList;
			buildConfigurations = (
				AA4E37E429C75FD2004B150F /* Debug */,
				AA4E37E529C75FD2004B150F /* Release */,
			);
			defaultConfigurationIsVisible = 0;
			defaultConfigurationName = Release;
		};
/* End XCConfigurationList section */
	};
	rootObject = AA4E37CD29C75FD0004B150F /* Project object */;
}
